
Microsoft Visual Studio Solution File, Format Version 12.00
# Visual Studio Version 16
VisualStudioVersion = 16.0.30114.105
MinimumVisualStudioVersion = 10.0.40219.1
Project("{8BC9CEB8-8B4A-11D0-8D11-00A0C91BC942}") = "QtDirect3D9", "Direct3D9Widget\QtDirect3D9.vcxproj", "{B112E33D-BA9B-418C-8D5B-3FDC6898A330}"
EndProject
Project("{8BC9CEB8-8B4A-11D0-8D11-00A0C91BC942}") = "QtDirect3D10", "Direct3D10Widget\QtDirect3D10.vcxproj", "{21D450F4-D4EB-4C32-82F6-73E439591B1D}"
EndProject
Project("{8BC9CEB8-8B4A-11D0-8D11-00A0C91BC942}") = "QtDirect3D11", "Direct3D11Widget\QtDirect3D11.vcxproj", "{A323E634-7404-4860-B4C8-55FD3443804C}"
EndProject
Global
	GlobalSection(SolutionConfigurationPlatforms) = preSolution
		Debug|x64 = Debug|x64
		Debug|x86 = Debug|x86
		Release|x64 = Release|x64
		Release|x86 = Release|x86
	EndGlobalSection
	GlobalSection(ProjectConfigurationPlatforms) = postSolution
		{B112E33D-BA9B-418C-8D5B-3FDC6898A330}.Debug|x64.ActiveCfg = Debug|x64
		{B112E33D-BA9B-418C-8D5B-3FDC6898A330}.Debug|x64.Build.0 = Debug|x64
		{B112E33D-BA9B-418C-8D5B-3FDC6898A330}.Debug|x86.ActiveCfg = Debug|Win32
		{B112E33D-BA9B-418C-8D5B-3FDC6898A330}.Debug|x86.Build.0 = Debug|Win32
		{B112E33D-BA9B-418C-8D5B-3FDC6898A330}.Release|x64.ActiveCfg = Release|x64
		{B112E33D-BA9B-418C-8D5B-3FDC6898A330}.Release|x64.Build.0 = Release|x64
		{B112E33D-BA9B-418C-8D5B-3FDC6898A330}.Release|x86.ActiveCfg = Release|Win32
		{B112E33D-BA9B-418C-8D5B-3FDC6898A330}.Release|x86.Build.0 = Release|Win32
		{A323E634-7404-4860-B4C8-55FD3443804C}.Debug|x64.ActiveCfg = Debug|x64
		{A323E634-7404-4860-B4C8-55FD3443804C}.Debug|x64.Build.0 = Debug|x64
		{A323E634-7404-4860-B4C8-55FD3443804C}.Debug|x86.ActiveCfg = Debug|Win32
		{A323E634-7404-4860-B4C8-55FD3443804C}.Debug|x86.Build.0 = Debug|Win32
		{A323E634-7404-4860-B4C8-55FD3443804C}.Release|x64.ActiveCfg = Release|x64
		{A323E634-7404-4860-B4C8-55FD3443804C}.Release|x64.Build.0 = Release|x64
		{A323E634-7404-4860-B4C8-55FD3443804C}.Release|x86.ActiveCfg = Release|Win32
		{A323E634-7404-4860-B4C8-55FD3443804C}.Release|x86.Build.0 = Release|Win32
		{21D450F4-D4EB-4C32-82F6-73E439591B1D}.Debug|x64.ActiveCfg = Debug|x64
		{21D450F4-D4EB-4C32-82F6-73E439591B1D}.Debug|x64.Build.0 = Debug|x64
		{21D450F4-D4EB-4C32-82F6-73E439591B1D}.Debug|x86.ActiveCfg = Debug|Win32
		{21D450F4-D4EB-4C32-82F6-73E439591B1D}.Debug|x86.Build.0 = Debug|Win32
		{21D450F4-D4EB-4C32-82F6-73E439591B1D}.Release|x64.ActiveCfg = Release|x64
		{21D450F4-D4EB-4C32-82F6-73E439591B1D}.Release|x64.Build.0 = Release|x64
		{21D450F4-D4EB-4C32-82F6-73E439591B1D}.Release|x86.ActiveCfg = Release|Win32
		{21D450F4-D4EB-4C32-82F6-73E439591B1D}.Release|x86.Build.0 = Release|Win32
	EndGlobalSection
	GlobalSection(SolutionProperties) = preSolution
		HideSolutionNode = FALSE
	EndGlobalSection
	GlobalSection(ExtensibilityGlobals) = postSolution
		SolutionGuid = {B3FAF30B-443F-405A-927E-1FDA8DD61552}
	EndGlobalSection
EndGlobal
