
Microsoft Visual Studio Solution File, Format Version 12.00
# Visual Studio Version 16
VisualStudioVersion = 16.0.30114.105
MinimumVisualStudioVersion = 10.0.40219.1
Project("{2150E333-8FDC-42A3-9474-1A3956D46DE8}") = "ImGui", "ImGui", "{C7362413-E4F9-4012-875F-A7D81D9EBE96}"
EndProject
Project("{8BC9CEB8-8B4A-11D0-8D11-00A0C91BC942}") = "QtDirect3D9_ImGui", "Direct3D9Widget_ImGui\QtDirect3D9_ImGui.vcxproj", "{B12702AD-ABFB-343A-A199-8E24837244A3}"
EndProject
Project("{8BC9CEB8-8B4A-11D0-8D11-00A0C91BC942}") = "QtDirect3D10_ImGui", "Direct3D10Widget_ImGui\QtDirect3D10_ImGui.vcxproj", "{3714A2DD-57EA-49F6-845F-FAF1C1AFA156}"
EndProject
Project("{8BC9CEB8-8B4A-11D0-8D11-00A0C91BC942}") = "QtDirect3D11_ImGui", "Direct3D11Widget_ImGui\QtDirect3D11_ImGui.vcxproj", "{A7639B86-7FF9-495D-B6D1-53D9785EBA48}"
EndProject
Project("{8BC9CEB8-8B4A-11D0-8D11-00A0C91BC942}") = "QtDirect3D9", "Direct3D9Widget\QtDirect3D9.vcxproj", "{B112E33D-BA9B-418C-8D5B-3FDC6898A330}"
EndProject
Project("{8BC9CEB8-8B4A-11D0-8D11-00A0C91BC942}") = "QtDirect3D10", "Direct3D10Widget\QtDirect3D10.vcxproj", "{21D450F4-D4EB-4C32-82F6-73E439591B1D}"
EndProject
Project("{8BC9CEB8-8B4A-11D0-8D11-00A0C91BC942}") = "QtDirect3D11", "Direct3D11Widget\QtDirect3D11.vcxproj", "{A323E634-7404-4860-B4C8-55FD3443804C}"
EndProject
Project("{8BC9CEB8-8B4A-11D0-8D11-00A0C91BC942}") = "QtDirect3D12_ImGui", "Direct3D12Widget_ImGui\QtDirect3D12_ImGui.vcxproj", "{04520FA2-F602-472C-9BE7-246A7387100B}"
EndProject
Project("{8BC9CEB8-8B4A-11D0-8D11-00A0C91BC942}") = "QtDirect3D12", "Direct3D12Widget\QtDirect3D12.vcxproj", "{37659FE3-7AA7-4EFB-8E89-F7596DA80A79}"
EndProject
Global
	GlobalSection(SolutionConfigurationPlatforms) = preSolution
		Debug|x64 = Debug|x64
		Debug|x86 = Debug|x86
		Release|x64 = Release|x64
		Release|x86 = Release|x86
	EndGlobalSection
	GlobalSection(ProjectConfigurationPlatforms) = postSolution
		{B12702AD-ABFB-343A-A199-8E24837244A3}.Debug|x64.ActiveCfg = Debug|x64
		{B12702AD-ABFB-343A-A199-8E24837244A3}.Debug|x64.Build.0 = Debug|x64
		{B12702AD-ABFB-343A-A199-8E24837244A3}.Debug|x86.ActiveCfg = Debug|Win32
		{B12702AD-ABFB-343A-A199-8E24837244A3}.Debug|x86.Build.0 = Debug|Win32
		{B12702AD-ABFB-343A-A199-8E24837244A3}.Release|x64.ActiveCfg = Release|x64
		{B12702AD-ABFB-343A-A199-8E24837244A3}.Release|x64.Build.0 = Release|x64
		{B12702AD-ABFB-343A-A199-8E24837244A3}.Release|x86.ActiveCfg = Release|Win32
		{B12702AD-ABFB-343A-A199-8E24837244A3}.Release|x86.Build.0 = Release|Win32
		{3714A2DD-57EA-49F6-845F-FAF1C1AFA156}.Debug|x64.ActiveCfg = Debug|x64
		{3714A2DD-57EA-49F6-845F-FAF1C1AFA156}.Debug|x64.Build.0 = Debug|x64
		{3714A2DD-57EA-49F6-845F-FAF1C1AFA156}.Debug|x86.ActiveCfg = Debug|Win32
		{3714A2DD-57EA-49F6-845F-FAF1C1AFA156}.Debug|x86.Build.0 = Debug|Win32
		{3714A2DD-57EA-49F6-845F-FAF1C1AFA156}.Release|x64.ActiveCfg = Release|x64
		{3714A2DD-57EA-49F6-845F-FAF1C1AFA156}.Release|x64.Build.0 = Release|x64
		{3714A2DD-57EA-49F6-845F-FAF1C1AFA156}.Release|x86.ActiveCfg = Release|Win32
		{3714A2DD-57EA-49F6-845F-FAF1C1AFA156}.Release|x86.Build.0 = Release|Win32
		{A7639B86-7FF9-495D-B6D1-53D9785EBA48}.Debug|x64.ActiveCfg = Debug|x64
		{A7639B86-7FF9-495D-B6D1-53D9785EBA48}.Debug|x64.Build.0 = Debug|x64
		{A7639B86-7FF9-495D-B6D1-53D9785EBA48}.Debug|x86.ActiveCfg = Debug|Win32
		{A7639B86-7FF9-495D-B6D1-53D9785EBA48}.Debug|x86.Build.0 = Debug|Win32
		{A7639B86-7FF9-495D-B6D1-53D9785EBA48}.Release|x64.ActiveCfg = Release|x64
		{A7639B86-7FF9-495D-B6D1-53D9785EBA48}.Release|x64.Build.0 = Release|x64
		{A7639B86-7FF9-495D-B6D1-53D9785EBA48}.Release|x86.ActiveCfg = Release|Win32
		{A7639B86-7FF9-495D-B6D1-53D9785EBA48}.Release|x86.Build.0 = Release|Win32
		{B112E33D-BA9B-418C-8D5B-3FDC6898A330}.Debug|x64.ActiveCfg = Debug|x64
		{B112E33D-BA9B-418C-8D5B-3FDC6898A330}.Debug|x64.Build.0 = Debug|x64
		{B112E33D-BA9B-418C-8D5B-3FDC6898A330}.Debug|x86.ActiveCfg = Debug|Win32
		{B112E33D-BA9B-418C-8D5B-3FDC6898A330}.Debug|x86.Build.0 = Debug|Win32
		{B112E33D-BA9B-418C-8D5B-3FDC6898A330}.Release|x64.ActiveCfg = Release|x64
		{B112E33D-BA9B-418C-8D5B-3FDC6898A330}.Release|x64.Build.0 = Release|x64
		{B112E33D-BA9B-418C-8D5B-3FDC6898A330}.Release|x86.ActiveCfg = Release|Win32
		{B112E33D-BA9B-418C-8D5B-3FDC6898A330}.Release|x86.Build.0 = Release|Win32
		{21D450F4-D4EB-4C32-82F6-73E439591B1D}.Debug|x64.ActiveCfg = Debug|x64
		{21D450F4-D4EB-4C32-82F6-73E439591B1D}.Debug|x64.Build.0 = Debug|x64
		{21D450F4-D4EB-4C32-82F6-73E439591B1D}.Debug|x86.ActiveCfg = Debug|Win32
		{21D450F4-D4EB-4C32-82F6-73E439591B1D}.Debug|x86.Build.0 = Debug|Win32
		{21D450F4-D4EB-4C32-82F6-73E439591B1D}.Release|x64.ActiveCfg = Release|x64
		{21D450F4-D4EB-4C32-82F6-73E439591B1D}.Release|x64.Build.0 = Release|x64
		{21D450F4-D4EB-4C32-82F6-73E439591B1D}.Release|x86.ActiveCfg = Release|Win32
		{21D450F4-D4EB-4C32-82F6-73E439591B1D}.Release|x86.Build.0 = Release|Win32
		{A323E634-7404-4860-B4C8-55FD3443804C}.Debug|x64.ActiveCfg = Debug|x64
		{A323E634-7404-4860-B4C8-55FD3443804C}.Debug|x64.Build.0 = Debug|x64
		{A323E634-7404-4860-B4C8-55FD3443804C}.Debug|x86.ActiveCfg = Debug|Win32
		{A323E634-7404-4860-B4C8-55FD3443804C}.Debug|x86.Build.0 = Debug|Win32
		{A323E634-7404-4860-B4C8-55FD3443804C}.Release|x64.ActiveCfg = Release|x64
		{A323E634-7404-4860-B4C8-55FD3443804C}.Release|x64.Build.0 = Release|x64
		{A323E634-7404-4860-B4C8-55FD3443804C}.Release|x86.ActiveCfg = Release|Win32
		{A323E634-7404-4860-B4C8-55FD3443804C}.Release|x86.Build.0 = Release|Win32
		{04520FA2-F602-472C-9BE7-246A7387100B}.Debug|x64.ActiveCfg = Debug|x64
		{04520FA2-F602-472C-9BE7-246A7387100B}.Debug|x64.Build.0 = Debug|x64
		{04520FA2-F602-472C-9BE7-246A7387100B}.Debug|x86.ActiveCfg = Debug|Win32
		{04520FA2-F602-472C-9BE7-246A7387100B}.Debug|x86.Build.0 = Debug|Win32
		{04520FA2-F602-472C-9BE7-246A7387100B}.Release|x64.ActiveCfg = Release|x64
		{04520FA2-F602-472C-9BE7-246A7387100B}.Release|x64.Build.0 = Release|x64
		{04520FA2-F602-472C-9BE7-246A7387100B}.Release|x86.ActiveCfg = Release|Win32
		{04520FA2-F602-472C-9BE7-246A7387100B}.Release|x86.Build.0 = Release|Win32
		{37659FE3-7AA7-4EFB-8E89-F7596DA80A79}.Debug|x64.ActiveCfg = Debug|x64
		{37659FE3-7AA7-4EFB-8E89-F7596DA80A79}.Debug|x64.Build.0 = Debug|x64
		{37659FE3-7AA7-4EFB-8E89-F7596DA80A79}.Debug|x86.ActiveCfg = Debug|Win32
		{37659FE3-7AA7-4EFB-8E89-F7596DA80A79}.Debug|x86.Build.0 = Debug|Win32
		{37659FE3-7AA7-4EFB-8E89-F7596DA80A79}.Release|x64.ActiveCfg = Release|x64
		{37659FE3-7AA7-4EFB-8E89-F7596DA80A79}.Release|x64.Build.0 = Release|x64
		{37659FE3-7AA7-4EFB-8E89-F7596DA80A79}.Release|x86.ActiveCfg = Release|Win32
		{37659FE3-7AA7-4EFB-8E89-F7596DA80A79}.Release|x86.Build.0 = Release|Win32
	EndGlobalSection
	GlobalSection(SolutionProperties) = preSolution
		HideSolutionNode = FALSE
	EndGlobalSection
	GlobalSection(NestedProjects) = preSolution
		{B12702AD-ABFB-343A-A199-8E24837244A3} = {C7362413-E4F9-4012-875F-A7D81D9EBE96}
		{3714A2DD-57EA-49F6-845F-FAF1C1AFA156} = {C7362413-E4F9-4012-875F-A7D81D9EBE96}
		{A7639B86-7FF9-495D-B6D1-53D9785EBA48} = {C7362413-E4F9-4012-875F-A7D81D9EBE96}
		{04520FA2-F602-472C-9BE7-246A7387100B} = {C7362413-E4F9-4012-875F-A7D81D9EBE96}
	EndGlobalSection
	GlobalSection(ExtensibilityGlobals) = postSolution
		SolutionGuid = {B3FAF30B-443F-405A-927E-1FDA8DD61552}
	EndGlobalSection
EndGlobal
