<?xml version="1.0" encoding="utf-8"?>
<Project ToolsVersion="4.0" xmlns="http://schemas.microsoft.com/developer/msbuild/2003">
  <ItemGroup>
    <Filter Include="Form Files">
      <UniqueIdentifier>{99349809-55BA-4b9d-BF79-8FDBB0286EB3}</UniqueIdentifier>
      <Extensions>ui</Extensions>
    </Filter>
    <Filter Include="Widgets">
      <UniqueIdentifier>{74fdec2c-12c9-46ec-b4c9-72621a3c805c}</UniqueIdentifier>
    </Filter>
    <Filter Include="Sources">
      <UniqueIdentifier>{117313b1-48da-45be-8339-e6d04c436254}</UniqueIdentifier>
    </Filter>
    <Filter Include="ImGui">
      <UniqueIdentifier>{346f7c6e-de35-4e6e-b2ce-ed791d755a4b}</UniqueIdentifier>
    </Filter>
    <Filter Include="ImGui\Impl">
      <UniqueIdentifier>{175369fc-9e7a-4a39-aff4-1fa1e174d6b6}</UniqueIdentifier>
    </Filter>
  </ItemGroup>
  <ItemGroup>
    <ClCompile Include="MainWindow.cpp">
      <Filter>Sources</Filter>
    </ClCompile>
    <ClCompile Include="main.cpp" />
    <ClCompile Include="..\..\thirdparty\imgui\imgui.cpp">
      <Filter>ImGui</Filter>
    </ClCompile>
    <ClCompile Include="..\..\thirdparty\imgui\imgui_demo.cpp">
      <Filter>ImGui</Filter>
    </ClCompile>
    <ClCompile Include="..\..\thirdparty\imgui\imgui_draw.cpp">
      <Filter>ImGui</Filter>
    </ClCompile>
    <ClCompile Include="..\..\thirdparty\imgui\imgui_widgets.cpp">
      <Filter>ImGui</Filter>
    </ClCompile>
    <ClCompile Include="..\..\thirdparty\imgui\examples\imgui_impl_dx12.cpp">
      <Filter>ImGui\Impl</Filter>
    </ClCompile>
    <ClCompile Include="..\..\thirdparty\imgui\examples\imgui_impl_win32.cpp">
      <Filter>ImGui\Impl</Filter>
    </ClCompile>
    <ClCompile Include="..\..\src\QDirect3D12Widget\ImGui\QDirect3D12Widget.cpp">
      <Filter>Widgets</Filter>
    </ClCompile>
  </ItemGroup>
  <ItemGroup>
    <QtMoc Include="MainWindow.h">
      <Filter>Sources</Filter>
    </QtMoc>
    <QtMoc Include="..\..\src\QDirect3D12Widget\ImGui\QDirect3D12Widget.h">
      <Filter>Widgets</Filter>
    </QtMoc>
  </ItemGroup>
  <ItemGroup>
    <QtUic Include="MainWindow.ui">
      <Filter>Form Files</Filter>
    </QtUic>
  </ItemGroup>
  <ItemGroup>
    <ClInclude Include="..\..\thirdparty\imgui\imconfig.h">
      <Filter>ImGui</Filter>
    </ClInclude>
    <ClInclude Include="..\..\thirdparty\imgui\imgui.h">
      <Filter>ImGui</Filter>
    </ClInclude>
    <ClInclude Include="..\..\thirdparty\imgui\imgui_internal.h">
      <Filter>ImGui</Filter>
    </ClInclude>
    <ClInclude Include="..\..\thirdparty\imgui\imstb_rectpack.h">
      <Filter>ImGui</Filter>
    </ClInclude>
    <ClInclude Include="..\..\thirdparty\imgui\imstb_textedit.h">
      <Filter>ImGui</Filter>
    </ClInclude>
    <ClInclude Include="..\..\thirdparty\imgui\imstb_truetype.h">
      <Filter>ImGui</Filter>
    </ClInclude>
    <ClInclude Include="..\..\thirdparty\imgui\examples\imgui_impl_dx12.h">
      <Filter>ImGui\Impl</Filter>
    </ClInclude>
    <ClInclude Include="..\..\thirdparty\imgui\examples\imgui_impl_win32.h">
      <Filter>ImGui\Impl</Filter>
    </ClInclude>
    <ClInclude Include="..\..\src\QDirect3D12Widget\ImGui\d3dx12.h">
      <Filter>Widgets</Filter>
    </ClInclude>
  </ItemGroup>
</Project>