
Microsoft Visual Studio Solution File, Format Version 12.00
# Visual Studio 15
VisualStudioVersion = 15.0.27703.2047
MinimumVisualStudioVersion = 10.0.40219.1
Project("{8BC9CEB8-8B4A-11D0-8D11-00A0C91BC942}") = "QtDirect3D9", "demo\Direct3D9Widget\QtDirect3D9.vcxproj", "{B112E33D-BA9B-418C-8D5B-3FDC6898A330}"
EndProject
Project("{8BC9CEB8-8B4A-11D0-8D11-00A0C91BC942}") = "QtDirect3D9_ImGui", "demo\Direct3D9ImGuiWidget\QtDirect3D9_ImGui.vcxproj", "{B12702AD-ABFB-343A-A199-8E24837244A3}"
EndProject
Global
	GlobalSection(SolutionConfigurationPlatforms) = preSolution
		Debug|x86 = Debug|x86
		Release|x86 = Release|x86
	EndGlobalSection
	GlobalSection(ProjectConfigurationPlatforms) = postSolution
		{B112E33D-BA9B-418C-8D5B-3FDC6898A330}.Debug|x86.ActiveCfg = Debug|Win32
		{B112E33D-BA9B-418C-8D5B-3FDC6898A330}.Debug|x86.Build.0 = Debug|Win32
		{B112E33D-BA9B-418C-8D5B-3FDC6898A330}.Release|x86.ActiveCfg = Release|Win32
		{B112E33D-BA9B-418C-8D5B-3FDC6898A330}.Release|x86.Build.0 = Release|Win32
		{B12702AD-ABFB-343A-A199-8E24837244A3}.Debug|x86.ActiveCfg = Debug|Win32
		{B12702AD-ABFB-343A-A199-8E24837244A3}.Debug|x86.Build.0 = Debug|Win32
		{B12702AD-ABFB-343A-A199-8E24837244A3}.Release|x86.ActiveCfg = Release|Win32
		{B12702AD-ABFB-343A-A199-8E24837244A3}.Release|x86.Build.0 = Release|Win32
	EndGlobalSection
	GlobalSection(SolutionProperties) = preSolution
		HideSolutionNode = FALSE
	EndGlobalSection
	GlobalSection(ExtensibilityGlobals) = postSolution
		SolutionGuid = {7062FD7C-98CD-45A5-A880-5E9D20F0DD95}
	EndGlobalSection
EndGlobal
